
Microsoft Visual Studio Solution File, Format Version 12.00
# Visual Studio Version 16
VisualStudioVersion = 16.0.31624.102
MinimumVisualStudioVersion = 10.0.40219.1
Project("{FAE04EC0-301F-11D3-BF4B-00C04F79EFBC}") = "pipelinetest", "pipelinetest\pipelinetest.csproj", "{158F2911-51F6-4F79-A90F-BD7172FDD823}"
EndProject
Global
	GlobalSection(SolutionConfigurationPlatforms) = preSolution
		Debug|Any CPU = Debug|Any CPU
		Release|Any CPU = Release|Any CPU
	EndGlobalSection
	GlobalSection(ProjectConfigurationPlatforms) = postSolution
		{158F2911-51F6-4F79-A90F-BD7172FDD823}.Debug|Any CPU.ActiveCfg = Debug|Any CPU
		{158F2911-51F6-4F79-A90F-BD7172FDD823}.Debug|Any CPU.Build.0 = Debug|Any CPU
		{158F2911-51F6-4F79-A90F-BD7172FDD823}.Release|Any CPU.ActiveCfg = Release|Any CPU
		{158F2911-51F6-4F79-A90F-BD7172FDD823}.Release|Any CPU.Build.0 = Release|Any CPU
	EndGlobalSection
	GlobalSection(SolutionProperties) = preSolution
		HideSolutionNode = FALSE
	EndGlobalSection
	GlobalSection(ExtensibilityGlobals) = postSolution
		SolutionGuid = {1CF5D693-D5C4-45EC-898E-9601ACA05BA0}
	EndGlobalSection
EndGlobal
